
Microsoft Visual Studio Solution File, Format Version 12.00
# Visual Studio Version 17
VisualStudioVersion = 17.12.35527.113 d17.12
MinimumVisualStudioVersion = 10.0.40219.1
Project("{FAE04EC0-301F-11D3-BF4B-00C04F79EFBC}") = "PRG2_ASST", "PRG2_ASST\PRG2_ASST.csproj", "{593E8B0F-20EA-440B-80B1-996515B2D598}"
EndProject
Global
	GlobalSection(SolutionConfigurationPlatforms) = preSolution
		Debug|Any CPU = Debug|Any CPU
		Release|Any CPU = Release|Any CPU
	EndGlobalSection
	GlobalSection(ProjectConfigurationPlatforms) = postSolution
		{593E8B0F-20EA-440B-80B1-996515B2D598}.Debug|Any CPU.ActiveCfg = Debug|Any CPU
		{593E8B0F-20EA-440B-80B1-996515B2D598}.Debug|Any CPU.Build.0 = Debug|Any CPU
		{593E8B0F-20EA-440B-80B1-996515B2D598}.Release|Any CPU.ActiveCfg = Release|Any CPU
		{593E8B0F-20EA-440B-80B1-996515B2D598}.Release|Any CPU.Build.0 = Release|Any CPU
	EndGlobalSection
	GlobalSection(SolutionProperties) = preSolution
		HideSolutionNode = FALSE
	EndGlobalSection
EndGlobal
